
Microsoft Visual Studio Solution File, Format Version 12.00
# Visual Studio 14
VisualStudioVersion = 14.0.23107.0
MinimumVisualStudioVersion = 10.0.40219.1
Project("{FAE04EC0-301F-11D3-BF4B-00C04F79EFBC}") = "LargestCommonEnd", "LargestCommonEnd\LargestCommonEnd.csproj", "{462D6CE9-ED1B-4A26-814A-8722EF0D89F5}"
EndProject
Project("{FAE04EC0-301F-11D3-BF4B-00C04F79EFBC}") = "RotateAndSum", "RotateAndSum\RotateAndSum.csproj", "{B8423139-FEB3-4873-8A63-B3CCDCB203A2}"
EndProject
Project("{FAE04EC0-301F-11D3-BF4B-00C04F79EFBC}") = "FoldAndSum", "FoldAndSum\FoldAndSum.csproj", "{376E0D9B-D00E-4D89-B50D-49855D777E76}"
EndProject
Project("{FAE04EC0-301F-11D3-BF4B-00C04F79EFBC}") = "SieveOfEratosthenes", "SieveOfEratosthenes\SieveOfEratosthenes.csproj", "{59E87039-391D-4789-BDAD-A4FC80FF6C4C}"
EndProject
Project("{FAE04EC0-301F-11D3-BF4B-00C04F79EFBC}") = "CompareCharArrays", "CompareCharArrays\CompareCharArrays.csproj", "{7AEFFE85-8BC0-4CEE-B21A-21BCDDFC3321}"
EndProject
Project("{FAE04EC0-301F-11D3-BF4B-00C04F79EFBC}") = "MaxSequenceOfEqualElements", "MaxSequenceOfEqualElements\MaxSequenceOfEqualElements.csproj", "{B5B6A0B1-5C55-42A3-8F75-F59CDE6F94B6}"
EndProject
Project("{FAE04EC0-301F-11D3-BF4B-00C04F79EFBC}") = "MaxSequenceOfIncreasingElements", "MaxSequenceOfIncreasingElements\MaxSequenceOfIncreasingElements.csproj", "{7069CB22-E541-41F8-A252-F25FB8DE30ED}"
EndProject
Project("{FAE04EC0-301F-11D3-BF4B-00C04F79EFBC}") = "MostFrequentNumber", "MostFrequentNumber\MostFrequentNumber.csproj", "{3D30DBE1-2ECE-42F1-B9C3-1309E1C33CD9}"
EndProject
Project("{FAE04EC0-301F-11D3-BF4B-00C04F79EFBC}") = "IndexOfLetters", "IndexOfLetters\IndexOfLetters.csproj", "{6BD74570-9A07-4E05-941A-9D1503DD8D57}"
EndProject
Project("{FAE04EC0-301F-11D3-BF4B-00C04F79EFBC}") = "Pairs", "Pairs\Pairs.csproj", "{E3403798-90E2-4155-8D51-6D6535053334}"
EndProject
Project("{FAE04EC0-301F-11D3-BF4B-00C04F79EFBC}") = "EqualSums", "EqualSums\EqualSums.csproj", "{DCE74320-5470-46E4-864E-EAF9E20E9CCC}"
EndProject
Project("{2150E333-8FDC-42A3-9474-1A3956D46DE8}") = "Lab", "Lab", "{EE751AE3-2EEC-4F30-B672-2FAFD1131730}"
EndProject
Project("{FAE04EC0-301F-11D3-BF4B-00C04F79EFBC}") = "DayOfWeek", "DayOfWeek\DayOfWeek.csproj", "{01E2CF54-BEBE-48DD-B57C-B3BD76F4960B}"
EndProject
Project("{FAE04EC0-301F-11D3-BF4B-00C04F79EFBC}") = "ReverseAnArrayOfIntegers", "ReverseAnArrayOfIntegers\ReverseAnArrayOfIntegers.csproj", "{747F06C2-70A1-4480-9991-4DA6954DA6E6}"
EndProject
Project("{FAE04EC0-301F-11D3-BF4B-00C04F79EFBC}") = "CalculateSumMinMaxAndOther", "CalculateSumMinMaxAndOther\CalculateSumMinMaxAndOther.csproj", "{D8831FE2-51D4-4A43-9354-AB8EBDBC452D}"
EndProject
Project("{FAE04EC0-301F-11D3-BF4B-00C04F79EFBC}") = "LastKNumbersSumsSequence", "LastKNumbersSumsSequence\LastKNumbersSumsSequence.csproj", "{458EA703-A431-4327-AB2A-0B005F6909F7}"
EndProject
Project("{FAE04EC0-301F-11D3-BF4B-00C04F79EFBC}") = "ReverseAnArrayOfStrings", "ReverseAnArrayOfStrings\ReverseAnArrayOfStrings.csproj", "{66A13779-D972-465D-B45A-307829839E8E}"
EndProject
Project("{FAE04EC0-301F-11D3-BF4B-00C04F79EFBC}") = "SumArrays", "SumArrays\SumArrays.csproj", "{34B39C63-C1CA-440C-B60D-BC5704A36265}"
EndProject
Project("{FAE04EC0-301F-11D3-BF4B-00C04F79EFBC}") = "ExtractMiddleElements", "ExtractMiddleElements\ExtractMiddleElements.csproj", "{5ACBBFB2-4D3F-4299-95B9-E1182654CE2F}"
EndProject
Project("{FAE04EC0-301F-11D3-BF4B-00C04F79EFBC}") = "RoundingNumbers", "RoundingNumbers\RoundingNumbers.csproj", "{8B99D543-188B-404E-A036-26DE217CA2EE}"
EndProject
Project("{FAE04EC0-301F-11D3-BF4B-00C04F79EFBC}") = "CondenseArrayToNumber", "CondenseArrayToNumber\CondenseArrayToNumber.csproj", "{4EAC4F6B-ACED-4B33-98B9-5548ECE3FD97}"
EndProject
Project("{FAE04EC0-301F-11D3-BF4B-00C04F79EFBC}") = "TripleSum", "TripleSum\TripleSum.csproj", "{CAA2B643-4DB3-4901-8EBE-8AF6CECAE53A}"
EndProject
Global
	GlobalSection(SolutionConfigurationPlatforms) = preSolution
		Debug|Any CPU = Debug|Any CPU
		Release|Any CPU = Release|Any CPU
	EndGlobalSection
	GlobalSection(ProjectConfigurationPlatforms) = postSolution
		{462D6CE9-ED1B-4A26-814A-8722EF0D89F5}.Debug|Any CPU.ActiveCfg = Debug|Any CPU
		{462D6CE9-ED1B-4A26-814A-8722EF0D89F5}.Debug|Any CPU.Build.0 = Debug|Any CPU
		{462D6CE9-ED1B-4A26-814A-8722EF0D89F5}.Release|Any CPU.ActiveCfg = Release|Any CPU
		{462D6CE9-ED1B-4A26-814A-8722EF0D89F5}.Release|Any CPU.Build.0 = Release|Any CPU
		{B8423139-FEB3-4873-8A63-B3CCDCB203A2}.Debug|Any CPU.ActiveCfg = Debug|Any CPU
		{B8423139-FEB3-4873-8A63-B3CCDCB203A2}.Debug|Any CPU.Build.0 = Debug|Any CPU
		{B8423139-FEB3-4873-8A63-B3CCDCB203A2}.Release|Any CPU.ActiveCfg = Release|Any CPU
		{B8423139-FEB3-4873-8A63-B3CCDCB203A2}.Release|Any CPU.Build.0 = Release|Any CPU
		{376E0D9B-D00E-4D89-B50D-49855D777E76}.Debug|Any CPU.ActiveCfg = Debug|Any CPU
		{376E0D9B-D00E-4D89-B50D-49855D777E76}.Debug|Any CPU.Build.0 = Debug|Any CPU
		{376E0D9B-D00E-4D89-B50D-49855D777E76}.Release|Any CPU.ActiveCfg = Release|Any CPU
		{376E0D9B-D00E-4D89-B50D-49855D777E76}.Release|Any CPU.Build.0 = Release|Any CPU
		{59E87039-391D-4789-BDAD-A4FC80FF6C4C}.Debug|Any CPU.ActiveCfg = Debug|Any CPU
		{59E87039-391D-4789-BDAD-A4FC80FF6C4C}.Debug|Any CPU.Build.0 = Debug|Any CPU
		{59E87039-391D-4789-BDAD-A4FC80FF6C4C}.Release|Any CPU.ActiveCfg = Release|Any CPU
		{59E87039-391D-4789-BDAD-A4FC80FF6C4C}.Release|Any CPU.Build.0 = Release|Any CPU
		{7AEFFE85-8BC0-4CEE-B21A-21BCDDFC3321}.Debug|Any CPU.ActiveCfg = Debug|Any CPU
		{7AEFFE85-8BC0-4CEE-B21A-21BCDDFC3321}.Debug|Any CPU.Build.0 = Debug|Any CPU
		{7AEFFE85-8BC0-4CEE-B21A-21BCDDFC3321}.Release|Any CPU.ActiveCfg = Release|Any CPU
		{7AEFFE85-8BC0-4CEE-B21A-21BCDDFC3321}.Release|Any CPU.Build.0 = Release|Any CPU
		{B5B6A0B1-5C55-42A3-8F75-F59CDE6F94B6}.Debug|Any CPU.ActiveCfg = Debug|Any CPU
		{B5B6A0B1-5C55-42A3-8F75-F59CDE6F94B6}.Debug|Any CPU.Build.0 = Debug|Any CPU
		{B5B6A0B1-5C55-42A3-8F75-F59CDE6F94B6}.Release|Any CPU.ActiveCfg = Release|Any CPU
		{B5B6A0B1-5C55-42A3-8F75-F59CDE6F94B6}.Release|Any CPU.Build.0 = Release|Any CPU
		{7069CB22-E541-41F8-A252-F25FB8DE30ED}.Debug|Any CPU.ActiveCfg = Debug|Any CPU
		{7069CB22-E541-41F8-A252-F25FB8DE30ED}.Debug|Any CPU.Build.0 = Debug|Any CPU
		{7069CB22-E541-41F8-A252-F25FB8DE30ED}.Release|Any CPU.ActiveCfg = Release|Any CPU
		{7069CB22-E541-41F8-A252-F25FB8DE30ED}.Release|Any CPU.Build.0 = Release|Any CPU
		{3D30DBE1-2ECE-42F1-B9C3-1309E1C33CD9}.Debug|Any CPU.ActiveCfg = Debug|Any CPU
		{3D30DBE1-2ECE-42F1-B9C3-1309E1C33CD9}.Debug|Any CPU.Build.0 = Debug|Any CPU
		{3D30DBE1-2ECE-42F1-B9C3-1309E1C33CD9}.Release|Any CPU.ActiveCfg = Release|Any CPU
		{3D30DBE1-2ECE-42F1-B9C3-1309E1C33CD9}.Release|Any CPU.Build.0 = Release|Any CPU
		{6BD74570-9A07-4E05-941A-9D1503DD8D57}.Debug|Any CPU.ActiveCfg = Debug|Any CPU
		{6BD74570-9A07-4E05-941A-9D1503DD8D57}.Debug|Any CPU.Build.0 = Debug|Any CPU
		{6BD74570-9A07-4E05-941A-9D1503DD8D57}.Release|Any CPU.ActiveCfg = Release|Any CPU
		{6BD74570-9A07-4E05-941A-9D1503DD8D57}.Release|Any CPU.Build.0 = Release|Any CPU
		{E3403798-90E2-4155-8D51-6D6535053334}.Debug|Any CPU.ActiveCfg = Debug|Any CPU
		{E3403798-90E2-4155-8D51-6D6535053334}.Debug|Any CPU.Build.0 = Debug|Any CPU
		{E3403798-90E2-4155-8D51-6D6535053334}.Release|Any CPU.ActiveCfg = Release|Any CPU
		{E3403798-90E2-4155-8D51-6D6535053334}.Release|Any CPU.Build.0 = Release|Any CPU
		{DCE74320-5470-46E4-864E-EAF9E20E9CCC}.Debug|Any CPU.ActiveCfg = Debug|Any CPU
		{DCE74320-5470-46E4-864E-EAF9E20E9CCC}.Debug|Any CPU.Build.0 = Debug|Any CPU
		{DCE74320-5470-46E4-864E-EAF9E20E9CCC}.Release|Any CPU.ActiveCfg = Release|Any CPU
		{DCE74320-5470-46E4-864E-EAF9E20E9CCC}.Release|Any CPU.Build.0 = Release|Any CPU
		{01E2CF54-BEBE-48DD-B57C-B3BD76F4960B}.Debug|Any CPU.ActiveCfg = Debug|Any CPU
		{01E2CF54-BEBE-48DD-B57C-B3BD76F4960B}.Debug|Any CPU.Build.0 = Debug|Any CPU
		{01E2CF54-BEBE-48DD-B57C-B3BD76F4960B}.Release|Any CPU.ActiveCfg = Release|Any CPU
		{01E2CF54-BEBE-48DD-B57C-B3BD76F4960B}.Release|Any CPU.Build.0 = Release|Any CPU
		{747F06C2-70A1-4480-9991-4DA6954DA6E6}.Debug|Any CPU.ActiveCfg = Debug|Any CPU
		{747F06C2-70A1-4480-9991-4DA6954DA6E6}.Debug|Any CPU.Build.0 = Debug|Any CPU
		{747F06C2-70A1-4480-9991-4DA6954DA6E6}.Release|Any CPU.ActiveCfg = Release|Any CPU
		{747F06C2-70A1-4480-9991-4DA6954DA6E6}.Release|Any CPU.Build.0 = Release|Any CPU
		{D8831FE2-51D4-4A43-9354-AB8EBDBC452D}.Debug|Any CPU.ActiveCfg = Debug|Any CPU
		{D8831FE2-51D4-4A43-9354-AB8EBDBC452D}.Debug|Any CPU.Build.0 = Debug|Any CPU
		{D8831FE2-51D4-4A43-9354-AB8EBDBC452D}.Release|Any CPU.ActiveCfg = Release|Any CPU
		{D8831FE2-51D4-4A43-9354-AB8EBDBC452D}.Release|Any CPU.Build.0 = Release|Any CPU
		{458EA703-A431-4327-AB2A-0B005F6909F7}.Debug|Any CPU.ActiveCfg = Debug|Any CPU
		{458EA703-A431-4327-AB2A-0B005F6909F7}.Debug|Any CPU.Build.0 = Debug|Any CPU
		{458EA703-A431-4327-AB2A-0B005F6909F7}.Release|Any CPU.ActiveCfg = Release|Any CPU
		{458EA703-A431-4327-AB2A-0B005F6909F7}.Release|Any CPU.Build.0 = Release|Any CPU
		{66A13779-D972-465D-B45A-307829839E8E}.Debug|Any CPU.ActiveCfg = Debug|Any CPU
		{66A13779-D972-465D-B45A-307829839E8E}.Debug|Any CPU.Build.0 = Debug|Any CPU
		{66A13779-D972-465D-B45A-307829839E8E}.Release|Any CPU.ActiveCfg = Release|Any CPU
		{66A13779-D972-465D-B45A-307829839E8E}.Release|Any CPU.Build.0 = Release|Any CPU
		{34B39C63-C1CA-440C-B60D-BC5704A36265}.Debug|Any CPU.ActiveCfg = Debug|Any CPU
		{34B39C63-C1CA-440C-B60D-BC5704A36265}.Debug|Any CPU.Build.0 = Debug|Any CPU
		{34B39C63-C1CA-440C-B60D-BC5704A36265}.Release|Any CPU.ActiveCfg = Release|Any CPU
		{34B39C63-C1CA-440C-B60D-BC5704A36265}.Release|Any CPU.Build.0 = Release|Any CPU
		{5ACBBFB2-4D3F-4299-95B9-E1182654CE2F}.Debug|Any CPU.ActiveCfg = Debug|Any CPU
		{5ACBBFB2-4D3F-4299-95B9-E1182654CE2F}.Debug|Any CPU.Build.0 = Debug|Any CPU
		{5ACBBFB2-4D3F-4299-95B9-E1182654CE2F}.Release|Any CPU.ActiveCfg = Release|Any CPU
		{5ACBBFB2-4D3F-4299-95B9-E1182654CE2F}.Release|Any CPU.Build.0 = Release|Any CPU
		{8B99D543-188B-404E-A036-26DE217CA2EE}.Debug|Any CPU.ActiveCfg = Debug|Any CPU
		{8B99D543-188B-404E-A036-26DE217CA2EE}.Debug|Any CPU.Build.0 = Debug|Any CPU
		{8B99D543-188B-404E-A036-26DE217CA2EE}.Release|Any CPU.ActiveCfg = Release|Any CPU
		{8B99D543-188B-404E-A036-26DE217CA2EE}.Release|Any CPU.Build.0 = Release|Any CPU
		{4EAC4F6B-ACED-4B33-98B9-5548ECE3FD97}.Debug|Any CPU.ActiveCfg = Debug|Any CPU
		{4EAC4F6B-ACED-4B33-98B9-5548ECE3FD97}.Debug|Any CPU.Build.0 = Debug|Any CPU
		{4EAC4F6B-ACED-4B33-98B9-5548ECE3FD97}.Release|Any CPU.ActiveCfg = Release|Any CPU
		{4EAC4F6B-ACED-4B33-98B9-5548ECE3FD97}.Release|Any CPU.Build.0 = Release|Any CPU
		{CAA2B643-4DB3-4901-8EBE-8AF6CECAE53A}.Debug|Any CPU.ActiveCfg = Debug|Any CPU
		{CAA2B643-4DB3-4901-8EBE-8AF6CECAE53A}.Debug|Any CPU.Build.0 = Debug|Any CPU
		{CAA2B643-4DB3-4901-8EBE-8AF6CECAE53A}.Release|Any CPU.ActiveCfg = Release|Any CPU
		{CAA2B643-4DB3-4901-8EBE-8AF6CECAE53A}.Release|Any CPU.Build.0 = Release|Any CPU
	EndGlobalSection
	GlobalSection(SolutionProperties) = preSolution
		HideSolutionNode = FALSE
	EndGlobalSection
	GlobalSection(NestedProjects) = preSolution
		{01E2CF54-BEBE-48DD-B57C-B3BD76F4960B} = {EE751AE3-2EEC-4F30-B672-2FAFD1131730}
		{747F06C2-70A1-4480-9991-4DA6954DA6E6} = {EE751AE3-2EEC-4F30-B672-2FAFD1131730}
		{D8831FE2-51D4-4A43-9354-AB8EBDBC452D} = {EE751AE3-2EEC-4F30-B672-2FAFD1131730}
		{458EA703-A431-4327-AB2A-0B005F6909F7} = {EE751AE3-2EEC-4F30-B672-2FAFD1131730}
		{66A13779-D972-465D-B45A-307829839E8E} = {EE751AE3-2EEC-4F30-B672-2FAFD1131730}
		{34B39C63-C1CA-440C-B60D-BC5704A36265} = {EE751AE3-2EEC-4F30-B672-2FAFD1131730}
		{5ACBBFB2-4D3F-4299-95B9-E1182654CE2F} = {EE751AE3-2EEC-4F30-B672-2FAFD1131730}
		{8B99D543-188B-404E-A036-26DE217CA2EE} = {EE751AE3-2EEC-4F30-B672-2FAFD1131730}
		{4EAC4F6B-ACED-4B33-98B9-5548ECE3FD97} = {EE751AE3-2EEC-4F30-B672-2FAFD1131730}
		{CAA2B643-4DB3-4901-8EBE-8AF6CECAE53A} = {EE751AE3-2EEC-4F30-B672-2FAFD1131730}
	EndGlobalSection
EndGlobal
